<?xml version="1.0" encoding="utf-8"?>
<Project ToolsVersion="4.0" xmlns="http://schemas.microsoft.com/developer/msbuild/2003">
  <ItemGroup>
    <Filter Include="Source Files">
      <UniqueIdentifier>{4FC737F1-C7A5-4376-A066-2A32D752A2FF}</UniqueIdentifier>
      <Extensions>cpp;c;cc;cxx;def;odl;idl;hpj;bat;asm;asmx</Extensions>
    </Filter>
    <Filter Include="Header Files">
      <UniqueIdentifier>{93995380-89BD-4b04-88EB-625FBE52EBFB}</UniqueIdentifier>
      <Extensions>h;hh;hpp;hxx;hm;inl;inc;ipp;xsd</Extensions>
    </Filter>
    <Filter Include="Resource Files">
      <UniqueIdentifier>{67DA6AB6-F800-4c08-8B7A-83BB121AAD01}</UniqueIdentifier>
      <Extensions>rc;ico;cur;bmp;dlg;rc2;rct;bin;rgs;gif;jpg;jpeg;jpe;resx;tiff;tif;png;wav;mfcribbon-ms</Extensions>
    </Filter>
    <Filter Include="Source Files\Scenes">
      <UniqueIdentifier>{2be803f1-0543-4ed4-8b52-fbc638f86182}</UniqueIdentifier>
    </Filter>
    <Filter Include="Header Files\Scenes">
      <UniqueIdentifier>{8cfcf696-5aeb-44be-a6b4-470be00300d2}</UniqueIdentifier>
    </Filter>
    <Filter Include="Source Files\Objects">
      <UniqueIdentifier>{1b2d21e6-8e00-4bfb-a079-18a9ed44f750}</UniqueIdentifier>
    </Filter>
    <Filter Include="Header Files\Objects">
      <UniqueIdentifier>{dabbd8fb-380d-49d4-afd7-5e6ae321bc7e}</UniqueIdentifier>
    </Filter>
    <Filter Include="Header Files\Maps">
      <UniqueIdentifier>{d696dfab-9660-413d-b46d-c4dbea39e343}</UniqueIdentifier>
    </Filter>
    <Filter Include="Source Files\Maps">
      <UniqueIdentifier>{4f36cbbb-2565-4d50-8ee3-6feca7665610}</UniqueIdentifier>
    </Filter>
    <Filter Include="Header Files\Objects\Players">
      <UniqueIdentifier>{dad84e86-f09d-4cee-8183-7e613b0a9ea5}</UniqueIdentifier>
    </Filter>
    <Filter Include="Source Files\Objects\Players">
      <UniqueIdentifier>{30ee599c-32f5-4997-8f5f-bb8288ca9b0d}</UniqueIdentifier>
    </Filter>
    <Filter Include="Header Files\Objects\Players\States">
      <UniqueIdentifier>{87473ea5-934e-4d87-9f27-c628b158566f}</UniqueIdentifier>
    </Filter>
    <Filter Include="Source Files\Objects\Players\States">
      <UniqueIdentifier>{da90feec-d215-4c2b-af56-c2b23945109f}</UniqueIdentifier>
    </Filter>
    <Filter Include="Source Files\Objects\StaticObjects">
      <UniqueIdentifier>{4cb38c6e-0907-4776-af5c-5bcaeb0df2bb}</UniqueIdentifier>
    </Filter>
    <Filter Include="Header Files\Objects\StaticObjects">
      <UniqueIdentifier>{c3f51e13-3e97-4e67-9f09-0d24fc5c1c8b}</UniqueIdentifier>
    </Filter>
    <Filter Include="Header Files\Grid">
      <UniqueIdentifier>{001d2a92-e678-411e-a7e0-74c1ff3278d7}</UniqueIdentifier>
    </Filter>
    <Filter Include="Source Files\Grid">
      <UniqueIdentifier>{a938d892-057e-44ea-a5ce-3511c73ba341}</UniqueIdentifier>
    </Filter>
    <Filter Include="Source Files\Core">
      <UniqueIdentifier>{6582c100-eaca-4cad-aa55-9824053b7863}</UniqueIdentifier>
    </Filter>
    <Filter Include="Source Files\Utilities">
      <UniqueIdentifier>{9ce2a4c8-4f76-4177-a03b-29422f8a7a95}</UniqueIdentifier>
    </Filter>
    <Filter Include="Header Files\Utilities">
      <UniqueIdentifier>{69cf86c6-7ac6-434b-9a01-1a226e0d7fb6}</UniqueIdentifier>
    </Filter>
    <Filter Include="Header Files\Objects\Items">
      <UniqueIdentifier>{241662c1-0980-43d4-af96-3a8182682d1f}</UniqueIdentifier>
    </Filter>
    <Filter Include="Source Files\Objects\Items">
      <UniqueIdentifier>{cbb591ac-6573-4c8b-a986-e0edde75348b}</UniqueIdentifier>
    </Filter>
  </ItemGroup>
  <ItemGroup>
    <ClInclude Include="stdafx.h">
      <Filter>Header Files</Filter>
    </ClInclude>
    <ClInclude Include="targetver.h">
      <Filter>Header Files</Filter>
    </ClInclude>
    <ClInclude Include="Resource.h">
      <Filter>Header Files</Filter>
    </ClInclude>
    <ClInclude Include="CaptainAmericaAndTheAvengers.h">
      <Filter>Header Files</Filter>
    </ClInclude>
    <ClInclude Include="SceneManager.h">
      <Filter>Header Files\Scenes</Filter>
    </ClInclude>
    <ClInclude Include="Scene.h">
      <Filter>Header Files\Scenes</Filter>
    </ClInclude>
    <ClInclude Include="Graphics.h">
      <Filter>Header Files</Filter>
    </ClInclude>
    <ClInclude Include="Constants.h">
      <Filter>Header Files</Filter>
    </ClInclude>
    <ClInclude Include="Input.h">
      <Filter>Header Files</Filter>
    </ClInclude>
    <ClInclude Include="Camera.h">
      <Filter>Header Files</Filter>
    </ClInclude>
    <ClInclude Include="ObjectManager.h">
      <Filter>Header Files</Filter>
    </ClInclude>
    <ClInclude Include="OptionScene.h">
      <Filter>Header Files\Scenes</Filter>
    </ClInclude>
    <ClInclude Include="PlayScene.h">
      <Filter>Header Files\Scenes</Filter>
    </ClInclude>
    <ClInclude Include="EndScene.h">
      <Filter>Header Files\Scenes</Filter>
    </ClInclude>
    <ClInclude Include="Game.h">
      <Filter>Header Files</Filter>
    </ClInclude>
    <ClInclude Include="GameManager.h">
      <Filter>Header Files</Filter>
    </ClInclude>
    <ClInclude Include="TextureManager.h">
      <Filter>Header Files</Filter>
    </ClInclude>
    <ClInclude Include="Sprite.h">
      <Filter>Header Files</Filter>
    </ClInclude>
    <ClInclude Include="SpriteManager.h">
      <Filter>Header Files</Filter>
    </ClInclude>
    <ClInclude Include="IndexManager.h">
      <Filter>Header Files</Filter>
    </ClInclude>
    <ClInclude Include="Animation.h">
      <Filter>Header Files</Filter>
    </ClInclude>
    <ClInclude Include="Map.h">
      <Filter>Header Files\Maps</Filter>
    </ClInclude>
    <ClInclude Include="MapInfo.h">
      <Filter>Header Files\Maps</Filter>
    </ClInclude>
    <ClInclude Include="Text.h">
      <Filter>Header Files</Filter>
    </ClInclude>
    <ClInclude Include="BaseObject.h">
      <Filter>Header Files\Objects</Filter>
    </ClInclude>
    <ClInclude Include="BaseState.h">
      <Filter>Header Files\Objects\Players</Filter>
    </ClInclude>
    <ClInclude Include="CaptainAmerica.h">
      <Filter>Header Files\Objects\Players</Filter>
    </ClInclude>
    <ClInclude Include="CaptainAmericaStateManager.h">
      <Filter>Header Files\Objects\Players\States</Filter>
    </ClInclude>
    <ClInclude Include="CaptainAmericaStateDash.h">
      <Filter>Header Files\Objects\Players\States</Filter>
    </ClInclude>
    <ClInclude Include="CaptainAmericaStateAttack.h">
      <Filter>Header Files\Objects\Players\States</Filter>
    </ClInclude>
    <ClInclude Include="CaptainAmericaStateDie.h">
      <Filter>Header Files\Objects\Players\States</Filter>
    </ClInclude>
    <ClInclude Include="CaptainAmericaStateJump.h">
      <Filter>Header Files\Objects\Players\States</Filter>
    </ClInclude>
    <ClInclude Include="CaptainAmericaStateKick.h">
      <Filter>Header Files\Objects\Players\States</Filter>
    </ClInclude>
    <ClInclude Include="CaptainAmericaStateLookUp.h">
      <Filter>Header Files\Objects\Players\States</Filter>
    </ClInclude>
    <ClInclude Include="CaptainAmericaStateMove.h">
      <Filter>Header Files\Objects\Players\States</Filter>
    </ClInclude>
    <ClInclude Include="CaptainAmericaStateShieldlessAttack.h">
      <Filter>Header Files\Objects\Players\States</Filter>
    </ClInclude>
    <ClInclude Include="CaptainAmericaStateSit.h">
      <Filter>Header Files\Objects\Players\States</Filter>
    </ClInclude>
    <ClInclude Include="CaptainAmericaStateSitAttack.h">
      <Filter>Header Files\Objects\Players\States</Filter>
    </ClInclude>
    <ClInclude Include="CaptainAmericaStateSpin.h">
      <Filter>Header Files\Objects\Players\States</Filter>
    </ClInclude>
    <ClInclude Include="Collision.h">
      <Filter>Header Files</Filter>
    </ClInclude>
    <ClInclude Include="Grid.h">
      <Filter>Header Files\Grid</Filter>
    </ClInclude>
    <ClInclude Include="Cell.h">
      <Filter>Header Files\Grid</Filter>
    </ClInclude>
    <ClInclude Include="CaptainAmericaStateStart.h">
      <Filter>Header Files</Filter>
    </ClInclude>
    <ClInclude Include="CaptainAmericaStateStand.h">
      <Filter>Header Files\Objects\Players\States</Filter>
    </ClInclude>
    <ClInclude Include="GameError.h">
      <Filter>Header Files\Utilities</Filter>
    </ClInclude>
    <ClInclude Include="ConversionUtilities.h">
      <Filter>Header Files\Utilities</Filter>
    </ClInclude>
    <ClInclude Include="RewardVault.h">
      <Filter>Header Files\Objects\Items</Filter>
    </ClInclude>
  </ItemGroup>
  <ItemGroup>
    <ClCompile Include="stdafx.cpp">
      <Filter>Source Files</Filter>
    </ClCompile>
    <ClCompile Include="CaptainAmericaAndTheAvengers.cpp">
      <Filter>Source Files</Filter>
    </ClCompile>
    <ClCompile Include="SceneManager.cpp">
      <Filter>Source Files\Scenes</Filter>
    </ClCompile>
    <ClCompile Include="Scene.cpp">
      <Filter>Source Files\Scenes</Filter>
    </ClCompile>
    <ClCompile Include="Graphics.cpp">
      <Filter>Source Files</Filter>
    </ClCompile>
    <ClCompile Include="Constants.cpp">
      <Filter>Source Files</Filter>
    </ClCompile>
    <ClCompile Include="Input.cpp">
      <Filter>Source Files</Filter>
    </ClCompile>
    <ClCompile Include="Camera.cpp">
      <Filter>Source Files</Filter>
    </ClCompile>
    <ClCompile Include="ObjectManager.cpp">
      <Filter>Source Files</Filter>
    </ClCompile>
    <ClCompile Include="OptionScene.cpp">
      <Filter>Source Files\Scenes</Filter>
    </ClCompile>
    <ClCompile Include="PlayScene.cpp">
      <Filter>Source Files\Scenes</Filter>
    </ClCompile>
    <ClCompile Include="EndScene.cpp">
      <Filter>Source Files\Scenes</Filter>
    </ClCompile>
    <ClCompile Include="Game.cpp">
      <Filter>Source Files</Filter>
    </ClCompile>
    <ClCompile Include="GameManager.cpp">
      <Filter>Source Files</Filter>
    </ClCompile>
    <ClCompile Include="TextureManager.cpp">
      <Filter>Source Files</Filter>
    </ClCompile>
    <ClCompile Include="Sprite.cpp">
      <Filter>Source Files</Filter>
    </ClCompile>
    <ClCompile Include="SpriteManager.cpp">
      <Filter>Source Files</Filter>
    </ClCompile>
    <ClCompile Include="IndexManager.cpp">
      <Filter>Source Files</Filter>
    </ClCompile>
    <ClCompile Include="Animation.cpp">
      <Filter>Source Files</Filter>
    </ClCompile>
    <ClCompile Include="Map.cpp">
      <Filter>Source Files\Maps</Filter>
    </ClCompile>
    <ClCompile Include="MapInfo.cpp">
      <Filter>Source Files\Maps</Filter>
    </ClCompile>
    <ClCompile Include="Text.cpp">
      <Filter>Source Files</Filter>
    </ClCompile>
    <ClCompile Include="BaseObject.cpp">
      <Filter>Source Files\Objects</Filter>
    </ClCompile>
    <ClCompile Include="BaseState.cpp">
      <Filter>Source Files\Objects\Players</Filter>
    </ClCompile>
    <ClCompile Include="CaptainAmerica.cpp">
      <Filter>Source Files\Objects\Players</Filter>
    </ClCompile>
    <ClCompile Include="CaptainAmericaStateManager.cpp">
      <Filter>Source Files\Objects\Players\States</Filter>
    </ClCompile>
    <ClCompile Include="CaptainAmericaStateDash.cpp">
      <Filter>Source Files\Objects\Players\States</Filter>
    </ClCompile>
    <ClCompile Include="CaptainAmericaStateAttack.cpp">
      <Filter>Source Files\Objects\Players\States</Filter>
    </ClCompile>
    <ClCompile Include="CaptainAmericaStateDie.cpp">
      <Filter>Source Files\Objects\Players\States</Filter>
    </ClCompile>
    <ClCompile Include="CaptainAmericaStateJump.cpp">
      <Filter>Source Files\Objects\Players\States</Filter>
    </ClCompile>
    <ClCompile Include="CaptainAmericaStateKick.cpp">
      <Filter>Source Files\Objects\Players\States</Filter>
    </ClCompile>
    <ClCompile Include="CaptainAmericaStateLookUp.cpp">
      <Filter>Source Files\Objects\Players\States</Filter>
    </ClCompile>
    <ClCompile Include="CaptainAmericaStateMove.cpp">
      <Filter>Source Files\Objects\Players\States</Filter>
    </ClCompile>
    <ClCompile Include="CaptainAmericaStateShieldlessAttack.cpp">
      <Filter>Source Files\Objects\Players\States</Filter>
    </ClCompile>
    <ClCompile Include="CaptainAmericaStateSit.cpp">
      <Filter>Source Files\Objects\Players\States</Filter>
    </ClCompile>
    <ClCompile Include="CaptainAmericaStateSitAttack.cpp">
      <Filter>Source Files\Objects\Players\States</Filter>
    </ClCompile>
    <ClCompile Include="CaptainAmericaStateSpin.cpp">
      <Filter>Source Files\Objects\Players\States</Filter>
    </ClCompile>
    <ClCompile Include="Collision.cpp">
      <Filter>Source Files</Filter>
    </ClCompile>
    <ClCompile Include="Cell.cpp">
      <Filter>Source Files\Grid</Filter>
    </ClCompile>
    <ClCompile Include="Grid.cpp">
      <Filter>Source Files\Grid</Filter>
    </ClCompile>
    <ClCompile Include="CaptainAmericaStateStand.cpp">
      <Filter>Source Files\Objects\Players\States</Filter>
    </ClCompile>
    <ClCompile Include="GameError.cpp">
      <Filter>Source Files\Utilities</Filter>
    </ClCompile>
    <ClCompile Include="RewardVault.cpp">
      <Filter>Source Files\Objects\Items</Filter>
    </ClCompile>
  </ItemGroup>
  <ItemGroup>
    <ResourceCompile Include="CaptainAmericaAndTheAvengers.rc">
      <Filter>Resource Files</Filter>
    </ResourceCompile>
  </ItemGroup>
  <ItemGroup>
    <Image Include="small.ico">
      <Filter>Resource Files</Filter>
    </Image>
    <Image Include="CaptainAmericaAndTheAvengers.ico">
      <Filter>Resource Files</Filter>
    </Image>
  </ItemGroup>
  <ItemGroup>
    <None Include="cpp.hint" />
  </ItemGroup>
</Project>